
Microsoft Visual Studio Solution File, Format Version 12.00
# Visual Studio Version 17
VisualStudioVersion = 17.13.35825.156 d17.13
MinimumVisualStudioVersion = 10.0.40219.1
Project("{FAE04EC0-301F-11D3-BF4B-00C04F79EFBC}") = "POC_MSAL_API", "POC_MSAL_API\POC_MSAL_API.csproj", "{E7D38484-34DC-4ECC-80CC-B10B3579707D}"
EndProject
Global
	GlobalSection(SolutionConfigurationPlatforms) = preSolution
		Debug|Any CPU = Debug|Any CPU
		Release|Any CPU = Release|Any CPU
	EndGlobalSection
	GlobalSection(ProjectConfigurationPlatforms) = postSolution
		{E7D38484-34DC-4ECC-80CC-B10B3579707D}.Debug|Any CPU.ActiveCfg = Debug|Any CPU
		{E7D38484-34DC-4ECC-80CC-B10B3579707D}.Debug|Any CPU.Build.0 = Debug|Any CPU
		{E7D38484-34DC-4ECC-80CC-B10B3579707D}.Release|Any CPU.ActiveCfg = Release|Any CPU
		{E7D38484-34DC-4ECC-80CC-B10B3579707D}.Release|Any CPU.Build.0 = Release|Any CPU
	EndGlobalSection
	GlobalSection(SolutionProperties) = preSolution
		HideSolutionNode = FALSE
	EndGlobalSection
	GlobalSection(ExtensibilityGlobals) = postSolution
		SolutionGuid = {77532A29-A52F-4C13-AE89-AE43A68E32F4}
	EndGlobalSection
EndGlobal
